
Microsoft Visual Studio Solution File, Format Version 12.00
# Visual Studio Version 17
VisualStudioVersion = 17.14.36109.1
MinimumVisualStudioVersion = 10.0.40219.1
Project("{FAE04EC0-301F-11D3-BF4B-00C04F79EFBC}") = "BLL", "Repository\BLL.csproj", "{DA499B24-E9EE-4ACC-88C0-198EC2A251EA}"
EndProject
Project("{FAE04EC0-301F-11D3-BF4B-00C04F79EFBC}") = "DAL", "Service\DAL.csproj", "{7915D3E8-3A95-489B-A377-B71D27F4B5BE}"
EndProject
Project("{FAE04EC0-301F-11D3-BF4B-00C04F79EFBC}") = "Web", "Home\Web.csproj", "{577815D8-B6CE-4AE5-A233-5F511CDE9A9D}"
EndProject
Project("{FAE04EC0-301F-11D3-BF4B-00C04F79EFBC}") = "API", "API\API.csproj", "{BBA8B551-44C2-4164-9E07-E027FE3CA40D}"
EndProject
Project("{FAE04EC0-301F-11D3-BF4B-00C04F79EFBC}") = "DTO", "DTO\DTO.csproj", "{08675340-999E-458A-9CF5-1CABB8D1D84F}"
EndProject
Global
	GlobalSection(SolutionConfigurationPlatforms) = preSolution
		Debug|Any CPU = Debug|Any CPU
		Release|Any CPU = Release|Any CPU
	EndGlobalSection
	GlobalSection(ProjectConfigurationPlatforms) = postSolution
		{DA499B24-E9EE-4ACC-88C0-198EC2A251EA}.Debug|Any CPU.ActiveCfg = Debug|Any CPU
		{DA499B24-E9EE-4ACC-88C0-198EC2A251EA}.Debug|Any CPU.Build.0 = Debug|Any CPU
		{DA499B24-E9EE-4ACC-88C0-198EC2A251EA}.Release|Any CPU.ActiveCfg = Release|Any CPU
		{DA499B24-E9EE-4ACC-88C0-198EC2A251EA}.Release|Any CPU.Build.0 = Release|Any CPU
		{7915D3E8-3A95-489B-A377-B71D27F4B5BE}.Debug|Any CPU.ActiveCfg = Debug|Any CPU
		{7915D3E8-3A95-489B-A377-B71D27F4B5BE}.Debug|Any CPU.Build.0 = Debug|Any CPU
		{7915D3E8-3A95-489B-A377-B71D27F4B5BE}.Release|Any CPU.ActiveCfg = Release|Any CPU
		{7915D3E8-3A95-489B-A377-B71D27F4B5BE}.Release|Any CPU.Build.0 = Release|Any CPU
		{577815D8-B6CE-4AE5-A233-5F511CDE9A9D}.Debug|Any CPU.ActiveCfg = Debug|Any CPU
		{577815D8-B6CE-4AE5-A233-5F511CDE9A9D}.Debug|Any CPU.Build.0 = Debug|Any CPU
		{577815D8-B6CE-4AE5-A233-5F511CDE9A9D}.Release|Any CPU.ActiveCfg = Release|Any CPU
		{577815D8-B6CE-4AE5-A233-5F511CDE9A9D}.Release|Any CPU.Build.0 = Release|Any CPU
		{BBA8B551-44C2-4164-9E07-E027FE3CA40D}.Debug|Any CPU.ActiveCfg = Debug|Any CPU
		{BBA8B551-44C2-4164-9E07-E027FE3CA40D}.Debug|Any CPU.Build.0 = Debug|Any CPU
		{BBA8B551-44C2-4164-9E07-E027FE3CA40D}.Release|Any CPU.ActiveCfg = Release|Any CPU
		{BBA8B551-44C2-4164-9E07-E027FE3CA40D}.Release|Any CPU.Build.0 = Release|Any CPU
		{08675340-999E-458A-9CF5-1CABB8D1D84F}.Debug|Any CPU.ActiveCfg = Debug|Any CPU
		{08675340-999E-458A-9CF5-1CABB8D1D84F}.Debug|Any CPU.Build.0 = Debug|Any CPU
		{08675340-999E-458A-9CF5-1CABB8D1D84F}.Release|Any CPU.ActiveCfg = Release|Any CPU
		{08675340-999E-458A-9CF5-1CABB8D1D84F}.Release|Any CPU.Build.0 = Release|Any CPU
	EndGlobalSection
	GlobalSection(SolutionProperties) = preSolution
		HideSolutionNode = FALSE
	EndGlobalSection
	GlobalSection(ExtensibilityGlobals) = postSolution
		SolutionGuid = {3B0F6578-D567-46FF-A655-BA01E8FE7C84}
	EndGlobalSection
EndGlobal
